
Microsoft Visual Studio Solution File, Format Version 12.00
# Visual Studio 15
VisualStudioVersion = 15.0.28010.2016
MinimumVisualStudioVersion = 10.0.40219.1
Project("{F2A71F9B-5D33-465A-A702-920D77279786}") = "SqlServerPath", "SqlServerPath\SqlServerPath.fsproj", "{2862D47B-FC65-4885-ABCF-1481542C9235}"
EndProject
Global
	GlobalSection(SolutionConfigurationPlatforms) = preSolution
		Debug|Any CPU = Debug|Any CPU
		Release|Any CPU = Release|Any CPU
	EndGlobalSection
	GlobalSection(ProjectConfigurationPlatforms) = postSolution
		{2862D47B-FC65-4885-ABCF-1481542C9235}.Debug|Any CPU.ActiveCfg = Debug|Any CPU
		{2862D47B-FC65-4885-ABCF-1481542C9235}.Debug|Any CPU.Build.0 = Debug|Any CPU
		{2862D47B-FC65-4885-ABCF-1481542C9235}.Release|Any CPU.ActiveCfg = Release|Any CPU
		{2862D47B-FC65-4885-ABCF-1481542C9235}.Release|Any CPU.Build.0 = Release|Any CPU
	EndGlobalSection
	GlobalSection(SolutionProperties) = preSolution
		HideSolutionNode = FALSE
	EndGlobalSection
	GlobalSection(ExtensibilityGlobals) = postSolution
		SolutionGuid = {B4861384-493B-4A84-B66D-A63A9BE19D81}
	EndGlobalSection
EndGlobal
